
Microsoft Visual Studio Solution File, Format Version 12.00
# Visual Studio 15
VisualStudioVersion = 15.0.28010.2046
MinimumVisualStudioVersion = 10.0.40219.1
Project("{9092AA53-FB77-4645-B42D-1CCCA6BD08BD}") = "NodejsWebApp1", "NodejsWebApp1\NodejsWebApp1.njsproj", "{734EEC49-180E-4670-A2DA-4899B4991098}"
EndProject
Global
	GlobalSection(SolutionConfigurationPlatforms) = preSolution
		Debug|Any CPU = Debug|Any CPU
		Release|Any CPU = Release|Any CPU
	EndGlobalSection
	GlobalSection(ProjectConfigurationPlatforms) = postSolution
		{734EEC49-180E-4670-A2DA-4899B4991098}.Debug|Any CPU.ActiveCfg = Debug|Any CPU
		{734EEC49-180E-4670-A2DA-4899B4991098}.Debug|Any CPU.Build.0 = Debug|Any CPU
		{734EEC49-180E-4670-A2DA-4899B4991098}.Release|Any CPU.ActiveCfg = Release|Any CPU
		{734EEC49-180E-4670-A2DA-4899B4991098}.Release|Any CPU.Build.0 = Release|Any CPU
	EndGlobalSection
	GlobalSection(SolutionProperties) = preSolution
		HideSolutionNode = FALSE
	EndGlobalSection
	GlobalSection(ExtensibilityGlobals) = postSolution
		SolutionGuid = {441005A9-5F6D-44BE-B37A-C9A6EF37E8C3}
	EndGlobalSection
EndGlobal
